
Microsoft Visual Studio Solution File, Format Version 12.00
# Visual Studio Version 16
VisualStudioVersion = 16.0.30804.86
MinimumVisualStudioVersion = 10.0.40219.1
Project("{8BC9CEB8-8B4A-11D0-8D11-00A0C91BC942}") = "Plugin", "Plugin\Plugin.vcxproj", "{841BCE87-D6A9-4D48-A716-4142371EE741}"
EndProject
Global
	GlobalSection(SolutionConfigurationPlatforms) = preSolution
		1.6.353|x64 = 1.6.353|x64
		1.6.353|x86 = 1.6.353|x86
		1.6.640|x64 = 1.6.640|x64
		1.6.640|x86 = 1.6.640|x86
		Debug|x64 = Debug|x64
		Debug|x86 = Debug|x86
		GOG|x64 = GOG|x64
		GOG|x86 = GOG|x86
		Release|x64 = Release|x64
		Release|x86 = Release|x86
	EndGlobalSection
	GlobalSection(ProjectConfigurationPlatforms) = postSolution
		{841BCE87-D6A9-4D48-A716-4142371EE741}.1.6.353|x64.ActiveCfg = 1.6.353|x64
		{841BCE87-D6A9-4D48-A716-4142371EE741}.1.6.353|x64.Build.0 = 1.6.353|x64
		{841BCE87-D6A9-4D48-A716-4142371EE741}.1.6.353|x86.ActiveCfg = 1.6.353|Win32
		{841BCE87-D6A9-4D48-A716-4142371EE741}.1.6.353|x86.Build.0 = 1.6.353|Win32
		{841BCE87-D6A9-4D48-A716-4142371EE741}.1.6.640|x64.ActiveCfg = AE|x64
		{841BCE87-D6A9-4D48-A716-4142371EE741}.1.6.640|x64.Build.0 = AE|x64
		{841BCE87-D6A9-4D48-A716-4142371EE741}.1.6.640|x86.ActiveCfg = AE|Win32
		{841BCE87-D6A9-4D48-A716-4142371EE741}.Debug|x64.ActiveCfg = Debug|x64
		{841BCE87-D6A9-4D48-A716-4142371EE741}.Debug|x64.Build.0 = Debug|x64
		{841BCE87-D6A9-4D48-A716-4142371EE741}.Debug|x86.ActiveCfg = Debug|Win32
		{841BCE87-D6A9-4D48-A716-4142371EE741}.Debug|x86.Build.0 = Debug|Win32
		{841BCE87-D6A9-4D48-A716-4142371EE741}.GOG|x64.ActiveCfg = GOG|x64
		{841BCE87-D6A9-4D48-A716-4142371EE741}.GOG|x64.Build.0 = GOG|x64
		{841BCE87-D6A9-4D48-A716-4142371EE741}.GOG|x86.ActiveCfg = GOG|Win32
		{841BCE87-D6A9-4D48-A716-4142371EE741}.GOG|x86.Build.0 = GOG|Win32
		{841BCE87-D6A9-4D48-A716-4142371EE741}.Release|x64.ActiveCfg = Release|x64
		{841BCE87-D6A9-4D48-A716-4142371EE741}.Release|x64.Build.0 = Release|x64
		{841BCE87-D6A9-4D48-A716-4142371EE741}.Release|x86.ActiveCfg = Release|Win32
		{841BCE87-D6A9-4D48-A716-4142371EE741}.Release|x86.Build.0 = Release|Win32
	EndGlobalSection
	GlobalSection(SolutionProperties) = preSolution
		HideSolutionNode = FALSE
	EndGlobalSection
	GlobalSection(ExtensibilityGlobals) = postSolution
		SolutionGuid = {7DED887D-C131-4814-8F6D-E6C214EBC6D0}
	EndGlobalSection
EndGlobal
